
Microsoft Visual Studio Solution File, Format Version 12.00
# Visual Studio Version 17
VisualStudioVersion = 17.13.36105.23
MinimumVisualStudioVersion = 10.0.40219.1
Project("{FAE04EC0-301F-11D3-BF4B-00C04F79EFBC}") = "DesktopBusiness", "accounts\DesktopBusiness.csproj", "{F08C07EF-8D2A-4A97-B32C-EBB01753CC16}"
EndProject
Project("{F184B08F-C81C-45F6-A57F-5ABD9991F28F}") = "accountsClassLibrary", "accountsClassLibrary\accountsClassLibrary.vbproj", "{C77ABCEC-5F53-4FE0-A458-C2C2D351D965}"
EndProject
Project("{F184B08F-C81C-45F6-A57F-5ABD9991F28F}") = "alphaFrameWork", "alphaFrameWork\alphaFrameWork.vbproj", "{A59B6D02-2B5C-47AD-B786-9B5097B3C0E0}"
EndProject
Project("{FAE04EC0-301F-11D3-BF4B-00C04F79EFBC}") = "templates", "templates\templates.csproj", "{02022D40-9C0E-4ADA-A5BC-373258BA208A}"
EndProject
Project("{FAE04EC0-301F-11D3-BF4B-00C04F79EFBC}") = "DataGridViewAutoFilter", "DataGridViewAutoFilter\DataGridViewAutoFilter.csproj", "{5A4B4B14-D3B5-4D54-80EC-0877C1E6E73A}"
EndProject
Project("{FAE04EC0-301F-11D3-BF4B-00C04F79EFBC}") = "accountsClassLibrary_Custom", "accountsClassLibrary_Custom\accountsClassLibrary_Custom.csproj", "{278C6FD4-FBB3-4002-9B78-A4CF047D2830}"
EndProject
Project("{FAE04EC0-301F-11D3-BF4B-00C04F79EFBC}") = "bhtaFramework", "bhtaFramework\bhtaFramework\bhtaFramework.csproj", "{8465032B-2E56-42B4-B7F7-A582098E5762}"
EndProject
Global
	GlobalSection(SolutionConfigurationPlatforms) = preSolution
		Debug|Any CPU = Debug|Any CPU
		Debug|x86 = Debug|x86
		Release|Any CPU = Release|Any CPU
		Release|x86 = Release|x86
	EndGlobalSection
	GlobalSection(ProjectConfigurationPlatforms) = postSolution
		{F08C07EF-8D2A-4A97-B32C-EBB01753CC16}.Debug|Any CPU.ActiveCfg = Debug|Any CPU
		{F08C07EF-8D2A-4A97-B32C-EBB01753CC16}.Debug|Any CPU.Build.0 = Debug|Any CPU
		{F08C07EF-8D2A-4A97-B32C-EBB01753CC16}.Debug|x86.ActiveCfg = Debug|Any CPU
		{F08C07EF-8D2A-4A97-B32C-EBB01753CC16}.Debug|x86.Build.0 = Debug|Any CPU
		{F08C07EF-8D2A-4A97-B32C-EBB01753CC16}.Release|Any CPU.ActiveCfg = Release|Any CPU
		{F08C07EF-8D2A-4A97-B32C-EBB01753CC16}.Release|Any CPU.Build.0 = Release|Any CPU
		{F08C07EF-8D2A-4A97-B32C-EBB01753CC16}.Release|x86.ActiveCfg = Release|Any CPU
		{F08C07EF-8D2A-4A97-B32C-EBB01753CC16}.Release|x86.Build.0 = Release|Any CPU
		{C77ABCEC-5F53-4FE0-A458-C2C2D351D965}.Debug|Any CPU.ActiveCfg = Debug|Any CPU
		{C77ABCEC-5F53-4FE0-A458-C2C2D351D965}.Debug|Any CPU.Build.0 = Debug|Any CPU
		{C77ABCEC-5F53-4FE0-A458-C2C2D351D965}.Debug|x86.ActiveCfg = Debug|Any CPU
		{C77ABCEC-5F53-4FE0-A458-C2C2D351D965}.Debug|x86.Build.0 = Debug|Any CPU
		{C77ABCEC-5F53-4FE0-A458-C2C2D351D965}.Release|Any CPU.ActiveCfg = Release|Any CPU
		{C77ABCEC-5F53-4FE0-A458-C2C2D351D965}.Release|Any CPU.Build.0 = Release|Any CPU
		{C77ABCEC-5F53-4FE0-A458-C2C2D351D965}.Release|x86.ActiveCfg = Release|Any CPU
		{C77ABCEC-5F53-4FE0-A458-C2C2D351D965}.Release|x86.Build.0 = Release|Any CPU
		{A59B6D02-2B5C-47AD-B786-9B5097B3C0E0}.Debug|Any CPU.ActiveCfg = Debug|Any CPU
		{A59B6D02-2B5C-47AD-B786-9B5097B3C0E0}.Debug|Any CPU.Build.0 = Debug|Any CPU
		{A59B6D02-2B5C-47AD-B786-9B5097B3C0E0}.Debug|x86.ActiveCfg = Debug|Any CPU
		{A59B6D02-2B5C-47AD-B786-9B5097B3C0E0}.Debug|x86.Build.0 = Debug|Any CPU
		{A59B6D02-2B5C-47AD-B786-9B5097B3C0E0}.Release|Any CPU.ActiveCfg = Release|Any CPU
		{A59B6D02-2B5C-47AD-B786-9B5097B3C0E0}.Release|Any CPU.Build.0 = Release|Any CPU
		{A59B6D02-2B5C-47AD-B786-9B5097B3C0E0}.Release|x86.ActiveCfg = Release|Any CPU
		{A59B6D02-2B5C-47AD-B786-9B5097B3C0E0}.Release|x86.Build.0 = Release|Any CPU
		{02022D40-9C0E-4ADA-A5BC-373258BA208A}.Debug|Any CPU.ActiveCfg = Debug|Any CPU
		{02022D40-9C0E-4ADA-A5BC-373258BA208A}.Debug|Any CPU.Build.0 = Debug|Any CPU
		{02022D40-9C0E-4ADA-A5BC-373258BA208A}.Debug|x86.ActiveCfg = Debug|Any CPU
		{02022D40-9C0E-4ADA-A5BC-373258BA208A}.Debug|x86.Build.0 = Debug|Any CPU
		{02022D40-9C0E-4ADA-A5BC-373258BA208A}.Release|Any CPU.ActiveCfg = Release|Any CPU
		{02022D40-9C0E-4ADA-A5BC-373258BA208A}.Release|Any CPU.Build.0 = Release|Any CPU
		{02022D40-9C0E-4ADA-A5BC-373258BA208A}.Release|x86.ActiveCfg = Release|Any CPU
		{02022D40-9C0E-4ADA-A5BC-373258BA208A}.Release|x86.Build.0 = Release|Any CPU
		{5A4B4B14-D3B5-4D54-80EC-0877C1E6E73A}.Debug|Any CPU.ActiveCfg = Debug|Any CPU
		{5A4B4B14-D3B5-4D54-80EC-0877C1E6E73A}.Debug|Any CPU.Build.0 = Debug|Any CPU
		{5A4B4B14-D3B5-4D54-80EC-0877C1E6E73A}.Debug|x86.ActiveCfg = Debug|Any CPU
		{5A4B4B14-D3B5-4D54-80EC-0877C1E6E73A}.Debug|x86.Build.0 = Debug|Any CPU
		{5A4B4B14-D3B5-4D54-80EC-0877C1E6E73A}.Release|Any CPU.ActiveCfg = Release|Any CPU
		{5A4B4B14-D3B5-4D54-80EC-0877C1E6E73A}.Release|Any CPU.Build.0 = Release|Any CPU
		{5A4B4B14-D3B5-4D54-80EC-0877C1E6E73A}.Release|x86.ActiveCfg = Release|Any CPU
		{5A4B4B14-D3B5-4D54-80EC-0877C1E6E73A}.Release|x86.Build.0 = Release|Any CPU
		{278C6FD4-FBB3-4002-9B78-A4CF047D2830}.Debug|Any CPU.ActiveCfg = Debug|Any CPU
		{278C6FD4-FBB3-4002-9B78-A4CF047D2830}.Debug|Any CPU.Build.0 = Debug|Any CPU
		{278C6FD4-FBB3-4002-9B78-A4CF047D2830}.Debug|x86.ActiveCfg = Debug|Any CPU
		{278C6FD4-FBB3-4002-9B78-A4CF047D2830}.Debug|x86.Build.0 = Debug|Any CPU
		{278C6FD4-FBB3-4002-9B78-A4CF047D2830}.Release|Any CPU.ActiveCfg = Release|Any CPU
		{278C6FD4-FBB3-4002-9B78-A4CF047D2830}.Release|Any CPU.Build.0 = Release|Any CPU
		{278C6FD4-FBB3-4002-9B78-A4CF047D2830}.Release|x86.ActiveCfg = Release|Any CPU
		{278C6FD4-FBB3-4002-9B78-A4CF047D2830}.Release|x86.Build.0 = Release|Any CPU
		{8465032B-2E56-42B4-B7F7-A582098E5762}.Debug|Any CPU.ActiveCfg = Debug|Any CPU
		{8465032B-2E56-42B4-B7F7-A582098E5762}.Debug|Any CPU.Build.0 = Debug|Any CPU
		{8465032B-2E56-42B4-B7F7-A582098E5762}.Debug|x86.ActiveCfg = Debug|x86
		{8465032B-2E56-42B4-B7F7-A582098E5762}.Debug|x86.Build.0 = Debug|x86
		{8465032B-2E56-42B4-B7F7-A582098E5762}.Release|Any CPU.ActiveCfg = Release|Any CPU
		{8465032B-2E56-42B4-B7F7-A582098E5762}.Release|Any CPU.Build.0 = Release|Any CPU
		{8465032B-2E56-42B4-B7F7-A582098E5762}.Release|x86.ActiveCfg = Release|x86
		{8465032B-2E56-42B4-B7F7-A582098E5762}.Release|x86.Build.0 = Release|x86
	EndGlobalSection
	GlobalSection(SolutionProperties) = preSolution
		HideSolutionNode = FALSE
	EndGlobalSection
	GlobalSection(ExtensibilityGlobals) = postSolution
		SolutionGuid = {C593F53F-5E45-429F-AD81-68D8B08CB4FF}
	EndGlobalSection
EndGlobal
